
Microsoft Visual Studio Solution File, Format Version 12.00
# Visual Studio Version 17
VisualStudioVersion = 17.11.35327.3
MinimumVisualStudioVersion = 10.0.40219.1
Project("{9A19103F-16F7-4668-BE54-9A1E7A4F7556}") = "Mentoring.Api", "Mentoring.Api\Mentoring.Api.csproj", "{B4420428-8E13-4240-8F57-6253F84CDEE2}"
EndProject
Project("{9A19103F-16F7-4668-BE54-9A1E7A4F7556}") = "Mentoring.Domain", "Mentoring.Domain\Mentoring.Domain.csproj", "{EA8178DC-5FF4-4168-B468-80178A51F873}"
EndProject
Project("{9A19103F-16F7-4668-BE54-9A1E7A4F7556}") = "Mentoring,App", "Mentoring,App\Mentoring,App.csproj", "{D2174AF5-3C48-4265-95F9-1706533C3B93}"
EndProject
Project("{FAE04EC0-301F-11D3-BF4B-00C04F79EFBC}") = "Montoring,Tests", "Montoring,Tests\Montoring,Tests.csproj", "{CE29D6E7-CAC7-4638-9C0B-FFB0D1BE91F4}"
EndProject
Global
	GlobalSection(SolutionConfigurationPlatforms) = preSolution
		Debug|Any CPU = Debug|Any CPU
		Release|Any CPU = Release|Any CPU
	EndGlobalSection
	GlobalSection(ProjectConfigurationPlatforms) = postSolution
		{B4420428-8E13-4240-8F57-6253F84CDEE2}.Debug|Any CPU.ActiveCfg = Debug|Any CPU
		{B4420428-8E13-4240-8F57-6253F84CDEE2}.Debug|Any CPU.Build.0 = Debug|Any CPU
		{B4420428-8E13-4240-8F57-6253F84CDEE2}.Release|Any CPU.ActiveCfg = Release|Any CPU
		{B4420428-8E13-4240-8F57-6253F84CDEE2}.Release|Any CPU.Build.0 = Release|Any CPU
		{EA8178DC-5FF4-4168-B468-80178A51F873}.Debug|Any CPU.ActiveCfg = Debug|Any CPU
		{EA8178DC-5FF4-4168-B468-80178A51F873}.Debug|Any CPU.Build.0 = Debug|Any CPU
		{EA8178DC-5FF4-4168-B468-80178A51F873}.Release|Any CPU.ActiveCfg = Release|Any CPU
		{EA8178DC-5FF4-4168-B468-80178A51F873}.Release|Any CPU.Build.0 = Release|Any CPU
		{D2174AF5-3C48-4265-95F9-1706533C3B93}.Debug|Any CPU.ActiveCfg = Debug|Any CPU
		{D2174AF5-3C48-4265-95F9-1706533C3B93}.Debug|Any CPU.Build.0 = Debug|Any CPU
		{D2174AF5-3C48-4265-95F9-1706533C3B93}.Release|Any CPU.ActiveCfg = Release|Any CPU
		{D2174AF5-3C48-4265-95F9-1706533C3B93}.Release|Any CPU.Build.0 = Release|Any CPU
		{CE29D6E7-CAC7-4638-9C0B-FFB0D1BE91F4}.Debug|Any CPU.ActiveCfg = Debug|Any CPU
		{CE29D6E7-CAC7-4638-9C0B-FFB0D1BE91F4}.Debug|Any CPU.Build.0 = Debug|Any CPU
		{CE29D6E7-CAC7-4638-9C0B-FFB0D1BE91F4}.Release|Any CPU.ActiveCfg = Release|Any CPU
		{CE29D6E7-CAC7-4638-9C0B-FFB0D1BE91F4}.Release|Any CPU.Build.0 = Release|Any CPU
	EndGlobalSection
	GlobalSection(SolutionProperties) = preSolution
		HideSolutionNode = FALSE
	EndGlobalSection
	GlobalSection(ExtensibilityGlobals) = postSolution
		SolutionGuid = {C31DBF30-E3E3-428D-A49E-FB89A0867196}
	EndGlobalSection
EndGlobal
